{
  "name": "wasm-pack-template",
  "version": "1.0.0",
  "lockfileVersion": 3,
  "requires": true,
  "packages": {
    "": {
      "name": "wasm-pack-template",
      "version": "1.0.0",
      "license": "ISC",
      "dependencies": {
        "reserve": "^2.0.5"
      }
    },
    "node_modules/reserve": {
      "version": "2.0.5",
      "resolved": "https://registry.npmjs.org/reserve/-/reserve-2.0.5.tgz",
      "integrity": "sha512-kAB2y1Yx5WPAURqNrwn1p1E2KVnX/6t+5Uq0TQIlG5MsQllQzfX1VVegTIIR6vpPAKygJSBcn3sHIoYIneAWHA==",
      "bin": {
        "reserve": "dist/cli.js"
      },
      "engines": {
        "node": ">=12.22.12"
      }
    }
  }
}
